PODS:
  - Flutter (1.0.0)
  - flutter_profile_avatar (0.0.1):
    - Flutter

DEPENDENCIES:
  - Flutter (from `Flutter`)
  - flutter_profile_avatar (from `.symlinks/plugins/flutter_profile_avatar/ios`)

EXTERNAL SOURCES:
  Flutter:
    :path: Flutter
  flutter_profile_avatar:
    :path: ".symlinks/plugins/flutter_profile_avatar/ios"

SPEC CHECKSUMS:
  Flutter: 0e3d915762c693b495b44d77113d4970485de6ec
  flutter_profile_avatar: 1714e712a6b99db33006d7bb3a74db929f1bfab1

PODFILE CHECKSUM: aafe91acc616949ddb318b77800a7f51bffa2a4c

COCOAPODS: 1.9.3
